Microsoft Visual Studio Solution File, Format Version 12.00
# Visual Studio Version 17
VisualStudioVersion = 17.5.2.0
MinimumVisualStudioVersion = 10.0.40219.1
Project("{FAE04EC0-301F-11D3-BF4B-00C04F79EFBC}") = "IntergalacticPassportAPI", "IntergalacticPassportAPI.csproj", "{B7A53A6B-36B7-4E0D-E26A-5587AE5C62D1}"
EndProject
Global
	GlobalSection(SolutionConfigurationPlatforms) = preSolution
		Debug|Any CPU = Debug|Any CPU
		Release|Any CPU = Release|Any CPU
	EndGlobalSection
	GlobalSection(ProjectConfigurationPlatforms) = postSolution
		{B7A53A6B-36B7-4E0D-E26A-5587AE5C62D1}.Debug|Any CPU.ActiveCfg = Debug|Any CPU
		{B7A53A6B-36B7-4E0D-E26A-5587AE5C62D1}.Debug|Any CPU.Build.0 = Debug|Any CPU
		{B7A53A6B-36B7-4E0D-E26A-5587AE5C62D1}.Release|Any CPU.ActiveCfg = Release|Any CPU
		{B7A53A6B-36B7-4E0D-E26A-5587AE5C62D1}.Release|Any CPU.Build.0 = Release|Any CPU
	EndGlobalSection
	GlobalSection(SolutionProperties) = preSolution
		HideSolutionNode = FALSE
	EndGlobalSection
	GlobalSection(ExtensibilityGlobals) = postSolution
		SolutionGuid = {2194674C-422B-417D-A6EF-00CDD4820328}
	EndGlobalSection
EndGlobal
