Microsoft Visual Studio Solution File, Format Version 12.00
# Visual Studio Version 17
VisualStudioVersion = 17.5.2.0
MinimumVisualStudioVersion = 10.0.40219.1
Project("{FAE04EC0-301F-11D3-BF4B-00C04F79EFBC}") = "DOSA-Client", "DOSA-Client\DOSA-Client.csproj", "{939049DA-AAC6-C903-1723-CEACFFC1C882}"
EndProject
Global
	GlobalSection(SolutionConfigurationPlatforms) = preSolution
		Debug|Any CPU = Debug|Any CPU
		Release|Any CPU = Release|Any CPU
	EndGlobalSection
	GlobalSection(ProjectConfigurationPlatforms) = postSolution
		{939049DA-AAC6-C903-1723-CEACFFC1C882}.Debug|Any CPU.ActiveCfg = Debug|Any CPU
		{939049DA-AAC6-C903-1723-CEACFFC1C882}.Debug|Any CPU.Build.0 = Debug|Any CPU
		{939049DA-AAC6-C903-1723-CEACFFC1C882}.Release|Any CPU.ActiveCfg = Release|Any CPU
		{939049DA-AAC6-C903-1723-CEACFFC1C882}.Release|Any CPU.Build.0 = Release|Any CPU
	EndGlobalSection
	GlobalSection(SolutionProperties) = preSolution
		HideSolutionNode = FALSE
	EndGlobalSection
	GlobalSection(ExtensibilityGlobals) = postSolution
		SolutionGuid = {628933E0-3269-498C-A9A5-F32D2E19172A}
	EndGlobalSection
EndGlobal
